
Microsoft Visual Studio Solution File, Format Version 12.00
# Visual Studio 14
VisualStudioVersion = 14.0.23107.0
MinimumVisualStudioVersion = 10.0.40219.1
Project("{2150E333-8FDC-42A3-9474-1A3956D46DE8}") = "src", "src", "{042E5D8F-0A12-4BB4-A5F7-851E392D0F09}"
EndProject
Project("{8BB2217D-0F2D-49D1-97BC-3654ED321F3B}") = "Kickass.KickassApi", "src\Kickass.KickassApi\Kickass.KickassApi.xproj", "{6B8DE501-4ED6-4C88-B922-B037FC2C89F6}"
EndProject
Global
	GlobalSection(SolutionConfigurationPlatforms) = preSolution
		Debug|Any CPU = Debug|Any CPU
		Release|Any CPU = Release|Any CPU
	EndGlobalSection
	GlobalSection(ProjectConfigurationPlatforms) = postSolution
		{6B8DE501-4ED6-4C88-B922-B037FC2C89F6}.Debug|Any CPU.ActiveCfg = Debug|Any CPU
		{6B8DE501-4ED6-4C88-B922-B037FC2C89F6}.Debug|Any CPU.Build.0 = Debug|Any CPU
		{6B8DE501-4ED6-4C88-B922-B037FC2C89F6}.Release|Any CPU.ActiveCfg = Release|Any CPU
		{6B8DE501-4ED6-4C88-B922-B037FC2C89F6}.Release|Any CPU.Build.0 = Release|Any CPU
	EndGlobalSection
	GlobalSection(SolutionProperties) = preSolution
		HideSolutionNode = FALSE
	EndGlobalSection
	GlobalSection(NestedProjects) = preSolution
		{6B8DE501-4ED6-4C88-B922-B037FC2C89F6} = {042E5D8F-0A12-4BB4-A5F7-851E392D0F09}
	EndGlobalSection
EndGlobal
